{
  "name": "AL",
  "lockfileVersion": 2,
  "requires": true,
  "packages": {
    "": {
      "dependencies": {
        "overlayscrollbars": "^2.0.3"
      }
    },
    "node_modules/overlayscrollbars": {
      "version": "2.0.3",
      "resolved": "https://registry.npmjs.org/overlayscrollbars/-/overlayscrollbars-2.0.3.tgz",
      "integrity": "sha512-boOkJFER1Tc21sxF4a7ghGl+ETV3WtP7YgsUyDPo1VTHUIPdQLfnTzMyOOdMkKkVcpJOYMKwwr4m+saCtgawCg=="
    }
  },
  "dependencies": {
    "overlayscrollbars": {
      "version": "2.0.3",
      "resolved": "https://registry.npmjs.org/overlayscrollbars/-/overlayscrollbars-2.0.3.tgz",
      "integrity": "sha512-boOkJFER1Tc21sxF4a7ghGl+ETV3WtP7YgsUyDPo1VTHUIPdQLfnTzMyOOdMkKkVcpJOYMKwwr4m+saCtgawCg=="
    }
  }
}
