{
  "name": "AL",
  "lockfileVersion": 2,
  "requires": true,
  "packages": {
    "": {
      "dependencies": {
        "bricks.js": "^1.8.0",
        "overlayscrollbars": "^2.0.3"
      }
    },
    "node_modules/bricks.js": {
      "version": "1.8.0",
      "resolved": "https://registry.npmjs.org/bricks.js/-/bricks.js-1.8.0.tgz",
      "integrity": "sha512-XJsIGxoixpMDo/KoLXR+uQizFVGWNAQy1lLoIwXKxm6/Zpd9QQLSUd0otybbK7wjqX23ZvCXFxnIw+uCXJHo0A==",
      "dependencies": {
        "knot.js": "^1.1.5"
      }
    },
    "node_modules/knot.js": {
      "version": "1.1.5",
      "resolved": "https://registry.npmjs.org/knot.js/-/knot.js-1.1.5.tgz",
      "integrity": "sha512-ptGtvTrgLNtQj9ilUR+tSyHWTCPp2xu/EHkeo3OvpczzNqBSwjQKz8G7vUhzlRbasXVULBWSejsj6QRQb1pakw=="
    },
    "node_modules/overlayscrollbars": {
      "version": "2.0.3",
      "resolved": "https://registry.npmjs.org/overlayscrollbars/-/overlayscrollbars-2.0.3.tgz",
      "integrity": "sha512-boOkJFER1Tc21sxF4a7ghGl+ETV3WtP7YgsUyDPo1VTHUIPdQLfnTzMyOOdMkKkVcpJOYMKwwr4m+saCtgawCg=="
    }
  },
  "dependencies": {
    "bricks.js": {
      "version": "1.8.0",
      "resolved": "https://registry.npmjs.org/bricks.js/-/bricks.js-1.8.0.tgz",
      "integrity": "sha512-XJsIGxoixpMDo/KoLXR+uQizFVGWNAQy1lLoIwXKxm6/Zpd9QQLSUd0otybbK7wjqX23ZvCXFxnIw+uCXJHo0A==",
      "requires": {
        "knot.js": "^1.1.5"
      }
    },
    "knot.js": {
      "version": "1.1.5",
      "resolved": "https://registry.npmjs.org/knot.js/-/knot.js-1.1.5.tgz",
      "integrity": "sha512-ptGtvTrgLNtQj9ilUR+tSyHWTCPp2xu/EHkeo3OvpczzNqBSwjQKz8G7vUhzlRbasXVULBWSejsj6QRQb1pakw=="
    },
    "overlayscrollbars": {
      "version": "2.0.3",
      "resolved": "https://registry.npmjs.org/overlayscrollbars/-/overlayscrollbars-2.0.3.tgz",
      "integrity": "sha512-boOkJFER1Tc21sxF4a7ghGl+ETV3WtP7YgsUyDPo1VTHUIPdQLfnTzMyOOdMkKkVcpJOYMKwwr4m+saCtgawCg=="
    }
  }
}
